<Solution>
  <Folder Name="/src/">
    <Project Path="src/Novolis.WorkflowEngine.Abstractions/Novolis.WorkflowEngine.Abstractions.csproj" />
    <Project Path="src/Novolis.WorkflowEngine/Novolis.WorkflowEngine.csproj" />
    <Project Path="src/Novolis.WorkflowEngine.Channels/Novolis.WorkflowEngine.Channels.csproj" />
    <Project Path="src/Novolis.WorkflowEngine.Hosting/Novolis.WorkflowEngine.Hosting.csproj" />
    <Project Path="src/Novolis.WorkflowEngine.Mapping/Novolis.WorkflowEngine.Mapping.csproj" />
    <Project Path="src/Novolis.WorkflowEngine.Scheduling/Novolis.WorkflowEngine.Scheduling.csproj" />
    <Project Path="src/Novolis.WorkflowEngine.Graph/Novolis.WorkflowEngine.Graph.csproj" />
    <Project Path="src/Novolis.WorkflowEngine.Flow/Novolis.WorkflowEngine.Flow.csproj" />
    <Project Path="src/Novolis.WorkflowEngine.Pipeline/Novolis.WorkflowEngine.Pipeline.csproj" />
    <Project Path="src/Novolis.WorkflowEngine.FlowGraph/Novolis.WorkflowEngine.FlowGraph.csproj" />
  </Folder>
  <Folder Name="/tests/">
    <Project Path="tests/Novolis.WorkflowEngine.Unit/Novolis.WorkflowEngine.Unit.csproj" />
  </Folder>
  <Folder Name="/Solution Items/">
    <File Path="Directory.Build.props" />
    <File Path="Directory.Build.targets" />
    <File Path="Directory.Packages.props" />
    <File Path="nuget.config" />
    <File Path="README.md" />
  </Folder>
</Solution>
